// !$*UTF8*$!
{
	archiveVersion = 1;
	classes = {
	};
	objectVersion = 46;
	objects = {

/* Begin PBXBuildFile section */
		882D77A71CBF89230099817D /* main.m in Sources */ = {isa = PBXBuildFile; fileRef = 882D77A61CBF89230099817D /* main.m */; };
		882D77AA1CBF89230099817D /* AppDelegate.m in Sources */ = {isa = PBXBuildFile; fileRef = 882D77A91CBF89230099817D /* AppDelegate.m */; };
		882D77AD1CBF89230099817D /* ViewController.m in Sources */ = {isa = PBXBuildFile; fileRef = 882D77AC1CBF89230099817D /* ViewController.m */; };
		882D77B01CBF89230099817D /* Main.storyboard in Resources */ = {isa = PBXBuildFile; fileRef = 882D77AE1CBF89230099817D /* Main.storyboard */; };
		882D77B21CBF89230099817D /* Assets.xcassets in Resources */ = {isa = PBXBuildFile; fileRef = 882D77B11CBF89230099817D /* Assets.xcassets */; };
		882D77B51CBF89230099817D /* LaunchScreen.storyboard in Resources */ = {isa = PBXBuildFile; fileRef = 882D77B31CBF89230099817D /* LaunchScreen.storyboard */; };
		882D77C01CBF89230099817D /* iOSJenkinsTutTests.m in Sources */ = {isa = PBXBuildFile; fileRef = 882D77BF1CBF89230099817D /* iOSJenkinsTutTests.m */; };
/* End PBXBuildFile section */

/* Begin PBXContainerItemProxy section */
		882D77BC1CBF89230099817D /* PBXContainerItemProxy */ = {
			isa = PBXContainerItemProxy;
			containerPortal = 882D779A1CBF89230099817D /* Project object */;
			proxyType = 1;
			remoteGlobalIDString = 882D77A11CBF89230099817D;
			remoteInfo = iOSJenkinsTut;
		};
/* End PBXContainerItemProxy section */

/* Begin PBXFileReference section */
		882D77A21CBF89230099817D /* iOSJenkinsTut.app */ = {isa = PBXFileReference; explicitFileType = wrapper.application; includeInIndex = 0; path = iOSJenkinsTut.app; sourceTree = BUILT_PRODUCTS_DIR; };
		882D77A61CBF89230099817D /* main.m */ = {isa = PBXFileReference; lastKnownFileType = sourcecode.c.objc; path = main.m; sourceTree = "<group>"; };
		882D77A81CBF89230099817D /* AppDelegate.h */ = {isa = PBXFileReference; lastKnownFileType = sourcecode.c.h; path = AppDelegate.h; sourceTree = "<group>"; };
		882D77A91CBF89230099817D /* AppDelegate.m */ = {isa = PBXFileReference; lastKnownFileType = sourcecode.c.objc; path = AppDelegate.m; sourceTree = "<group>"; };
		882D77AB1CBF89230099817D /* ViewController.h */ = {isa = PBXFileReference; lastKnownFileType = sourcecode.c.h; path = ViewController.h; sourceTree = "<group>"; };
		882D77AC1CBF89230099817D /* ViewController.m */ = {isa = PBXFileReference; lastKnownFileType = sourcecode.c.objc; path = ViewController.m; sourceTree = "<group>"; };
		882D77AF1CBF89230099817D /* Base */ = {isa = PBXFileReference; lastKnownFileType = file.storyboard; name = Base; path = Base.lproj/Main.storyboard; sourceTree = "<group>"; };
		882D77B11CBF89230099817D /* Assets.xcassets */ = {isa = PBXFileReference; lastKnownFileType = folder.assetcatalog; path = Assets.xcassets; sourceTree = "<group>"; };
		882D77B41CBF89230099817D /* Base */ = {isa = PBXFileReference; lastKnownFileType = file.storyboard; name = Base; path = Base.lproj/LaunchScreen.storyboard; sourceTree = "<group>"; };
		882D77B61CBF89230099817D /* Info.plist */ = {isa = PBXFileReference; lastKnownFileType = text.plist.xml; path = Info.plist; sourceTree = "<group>"; };
		882D77BB1CBF89230099817D /* iOSJenkinsTutTests.xctest */ = {isa = PBXFileReference; explicitFileType = wrapper.cfbundle; includeInIndex = 0; path = iOSJenkinsTutTests.xctest; sourceTree = BUILT_PRODUCTS_DIR; };
		882D77BF1CBF89230099817D /* iOSJenkinsTutTests.m */ = {isa = PBXFileReference; lastKnownFileType = sourcecode.c.objc; path = iOSJenkinsTutTests.m; sourceTree = "<group>"; };
		882D77C11CBF89230099817D /* Info.plist */ = {isa = PBXFileReference; lastKnownFileType = text.plist.xml; path = Info.plist; sourceTree = "<group>"; };
/* End PBXFileReference section */

/* Begin PBXFrameworksBuildPhase section */
		882D779F1CBF89230099817D /* Frameworks */ = {
			isa = PBXFrameworksBuildPhase;
			buildActionMask = 2147483647;
			files = (
			);
			runOnlyForDeploymentPostprocessing = 0;
		};
		882D77B81CBF89230099817D /* Frameworks */ = {
			isa = PBXFrameworksBuildPhase;
			buildActionMask = 2147483647;
			files = (
			);
			runOnlyForDeploymentPostprocessing = 0;
		};
/* End PBXFrameworksBuildPhase section */

/* Begin PBXGroup section */
		882D77991CBF89230099817D = {
			isa = PBXGroup;
			children = (
				882D77A41CBF89230099817D /* iOSJenkinsTut */,
				882D77BE1CBF89230099817D /* iOSJenkinsTutTests */,
				882D77A31CBF89230099817D /* Products */,
			);
			sourceTree = "<group>";
		};
		882D77A31CBF89230099817D /* Products */ = {
			isa = PBXGroup;
			children = (
				882D77A21CBF89230099817D /* iOSJenkinsTut.app */,
				882D77BB1CBF89230099817D /* iOSJenkinsTutTests.xctest */,
			);
			name = Products;
			sourceTree = "<group>";
		};
		882D77A41CBF89230099817D /* iOSJenkinsTut */ = {
			isa = PBXGroup;
			children = (
				882D77A81CBF89230099817D /* AppDelegate.h */,
				882D77A91CBF89230099817D /* AppDelegate.m */,
				882D77AB1CBF89230099817D /* ViewController.h */,
				882D77AC1CBF89230099817D /* ViewController.m */,
				882D77AE1CBF89230099817D /* Main.storyboard */,
				882D77B11CBF89230099817D /* Assets.xcassets */,
				882D77B31CBF89230099817D /* LaunchScreen.storyboard */,
				882D77B61CBF89230099817D /* Info.plist */,
				882D77A51CBF89230099817D /* Supporting Files */,
			);
			path = iOSJenkinsTut;
			sourceTree = "<group>";
		};
		882D77A51CBF89230099817D /* Supporting Files */ = {
			isa = PBXGroup;
			children = (
				882D77A61CBF89230099817D /* main.m */,
			);
			name = "Supporting Files";
			sourceTree = "<group>";
		};
		882D77BE1CBF89230099817D /* iOSJenkinsTutTests */ = {
			isa = PBXGroup;
			children = (
				882D77BF1CBF89230099817D /* iOSJenkinsTutTests.m */,
				882D77C11CBF89230099817D /* Info.plist */,
			);
			path = iOSJenkinsTutTests;
			sourceTree = "<group>";
		};
/* End PBXGroup section */

/* Begin PBXNativeTarget section */
		882D77A11CBF89230099817D /* iOSJenkinsTut */ = {
			isa = PBXNativeTarget;
			buildConfigurationList = 882D77C41CBF89230099817D /* Build configuration list for PBXNativeTarget "iOSJenkinsTut" */;
			buildPhases = (
				882D779E1CBF89230099817D /* Sources */,
				882D779F1CBF89230099817D /* Frameworks */,
				882D77A01CBF89230099817D /* Resources */,
			);
			buildRules = (
			);
			dependencies = (
			);
			name = iOSJenkinsTut;
			productName = iOSJenkinsTut;
			productReference = 882D77A21CBF89230099817D /* iOSJenkinsTut.app */;
			productType = "com.apple.product-type.application";
		};
		882D77BA1CBF89230099817D /* iOSJenkinsTutTests */ = {
			isa = PBXNativeTarget;
			buildConfigurationList = 882D77C71CBF89230099817D /* Build configuration list for PBXNativeTarget "iOSJenkinsTutTests" */;
			buildPhases = (
				882D77B71CBF89230099817D /* Sources */,
				882D77B81CBF89230099817D /* Frameworks */,
				882D77B91CBF89230099817D /* Resources */,
			);
			buildRules = (
			);
			dependencies = (
				882D77BD1CBF89230099817D /* PBXTargetDependency */,
			);
			name = iOSJenkinsTutTests;
			productName = iOSJenkinsTutTests;
			productReference = 882D77BB1CBF89230099817D /* iOSJenkinsTutTests.xctest */;
			productType = "com.apple.product-type.bundle.unit-test";
		};
/* End PBXNativeTarget section */

/* Begin PBXProject section */
		882D779A1CBF89230099817D /* Project object */ = {
			isa = PBXProject;
			attributes = {
				LastUpgradeCheck = 0730;
				ORGANIZATIONNAME = "xamoom GmbH";
				TargetAttributes = {
					882D77A11CBF89230099817D = {
						CreatedOnToolsVersion = 7.3;
					};
					882D77BA1CBF89230099817D = {
						CreatedOnToolsVersion = 7.3;
						TestTargetID = 882D77A11CBF89230099817D;
					};
				};
			};
			buildConfigurationList = 882D779D1CBF89230099817D /* Build configuration list for PBXProject "iOSJenkinsTut" */;
			compatibilityVersion = "Xcode 3.2";
			developmentRegion = English;
			hasScannedForEncodings = 0;
			knownRegions = (
				en,
				Base,
			);
			mainGroup = 882D77991CBF89230099817D;
			productRefGroup = 882D77A31CBF89230099817D /* Products */;
			projectDirPath = "";
			projectRoot = "";
			targets = (
				882D77A11CBF89230099817D /* iOSJenkinsTut */,
				882D77BA1CBF89230099817D /* iOSJenkinsTutTests */,
			);
		};
/* End PBXProject section */

/* Begin PBXResourcesBuildPhase section */
		882D77A01CBF89230099817D /* Resources */ = {
			isa = PBXResourcesBuildPhase;
			buildActionMask = 2147483647;
			files = (
				882D77B51CBF89230099817D /* LaunchScreen.storyboard in Resources */,
				882D77B21CBF89230099817D /* Assets.xcassets in Resources */,
				882D77B01CBF89230099817D /* Main.storyboard in Resources */,
			);
			runOnlyForDeploymentPostprocessing = 0;
		};
		882D77B91CBF89230099817D /* Resources */ = {
			isa = PBXResourcesBuildPhase;
			buildActionMask = 2147483647;
			files = (
			);
			runOnlyForDeploymentPostprocessing = 0;
		};
/* End PBXResourcesBuildPhase section */

/* Begin PBXSourcesBuildPhase section */
		882D779E1CBF89230099817D /* Sources */ = {
			isa = PBXSourcesBuildPhase;
			buildActionMask = 2147483647;
			files = (
				882D77AD1CBF89230099817D /* ViewController.m in Sources */,
				882D77AA1CBF89230099817D /* AppDelegate.m in Sources */,
				882D77A71CBF89230099817D /* main.m in Sources */,
			);
			runOnlyForDeploymentPostprocessing = 0;
		};
		882D77B71CBF89230099817D /* Sources */ = {
			isa = PBXSourcesBuildPhase;
			buildActionMask = 2147483647;
			files = (
				882D77C01CBF89230099817D /* iOSJenkinsTutTests.m in Sources */,
			);
			runOnlyForDeploymentPostprocessing = 0;
		};
/* End PBXSourcesBuildPhase section */

/* Begin PBXTargetDependency section */
		882D77BD1CBF89230099817D /* PBXTargetDependency */ = {
			isa = PBXTargetDependency;
			target = 882D77A11CBF89230099817D /* iOSJenkinsTut */;
			targetProxy = 882D77BC1CBF89230099817D /* PBXContainerItemProxy */;
		};
/* End PBXTargetDependency section */

/* Begin PBXVariantGroup section */
		882D77AE1CBF89230099817D /* Main.storyboard */ = {
			isa = PBXVariantGroup;
			children = (
				882D77AF1CBF89230099817D /* Base */,
			);
			name = Main.storyboard;
			sourceTree = "<group>";
		};
		882D77B31CBF89230099817D /* LaunchScreen.storyboard */ = {
			isa = PBXVariantGroup;
			children = (
				882D77B41CBF89230099817D /* Base */,
			);
			name = LaunchScreen.storyboard;
			sourceTree = "<group>";
		};
/* End PBXVariantGroup section */

/* Begin XCBuildConfiguration section */
		882D77C21CBF89230099817D /* Debug */ = {
			isa = XCBuildConfiguration;
			buildSettings = {
				ALWAYS_SEARCH_USER_PATHS = NO;
				CLANG_ANALYZER_NONNULL = YES;
				CLANG_CXX_LANGUAGE_STANDARD = "gnu++0x";
				CLANG_CXX_LIBRARY = "libc++";
				CLANG_ENABLE_MODULES = YES;
				CLANG_ENABLE_OBJC_ARC = YES;
				CLANG_WARN_BOOL_CONVERSION = YES;
				CLANG_WARN_CONSTANT_CONVERSION = YES;
				CLANG_WARN_DIRECT_OBJC_ISA_USAGE = YES_ERROR;
				CLANG_WARN_EMPTY_BODY = YES;
				CLANG_WARN_ENUM_CONVERSION = YES;
				CLANG_WARN_INT_CONVERSION = YES;
				CLANG_WARN_OBJC_ROOT_CLASS = YES_ERROR;
				CLANG_WARN_UNREACHABLE_CODE = YES;
				CLANG_WARN__DUPLICATE_METHOD_MATCH = YES;
				"CODE_SIGN_IDENTITY[sdk=iphoneos*]" = "iPhone Developer";
				COPY_PHASE_STRIP = NO;
				DEBUG_INFORMATION_FORMAT = dwarf;
				ENABLE_STRICT_OBJC_MSGSEND = YES;
				ENABLE_TESTABILITY = YES;
				GCC_C_LANGUAGE_STANDARD = gnu99;
				GCC_DYNAMIC_NO_PIC = NO;
				GCC_NO_COMMON_BLOCKS = YES;
				GCC_OPTIMIZATION_LEVEL = 0;
				GCC_PREPROCESSOR_DEFINITIONS = (
					"DEBUG=1",
					"$(inherited)",
				);
				GCC_WARN_64_TO_32_BIT_CONVERSION = YES;
				GCC_WARN_ABOUT_RETURN_TYPE = YES_ERROR;
				GCC_WARN_UNDECLARED_SELECTOR = YES;
				GCC_WARN_UNINITIALIZED_AUTOS = YES_AGGRESSIVE;
				GCC_WARN_UNUSED_FUNCTION = YES;
				GCC_WARN_UNUSED_VARIABLE = YES;
				IPHONEOS_DEPLOYMENT_TARGET = 9.3;
				MTL_ENABLE_DEBUG_INFO = YES;
				ONLY_ACTIVE_ARCH = YES;
				SDKROOT = iphoneos;
			};
			name = Debug;
		};
		882D77C31CBF89230099817D /* Release */ = {
			isa = XCBuildConfiguration;
			buildSettings = {
				ALWAYS_SEARCH_USER_PATHS = NO;
				CLANG_ANALYZER_NONNULL = YES;
				CLANG_CXX_LANGUAGE_STANDARD = "gnu++0x";
				CLANG_CXX_LIBRARY = "libc++";
				CLANG_ENABLE_MODULES = YES;
				CLANG_ENABLE_OBJC_ARC = YES;
				CLANG_WARN_BOOL_CONVERSION = YES;
				CLANG_WARN_CONSTANT_CONVERSION = YES;
				CLANG_WARN_DIRECT_OBJC_ISA_USAGE = YES_ERROR;
				CLANG_WARN_EMPTY_BODY = YES;
				CLANG_WARN_ENUM_CONVERSION = YES;
				CLANG_WARN_INT_CONVERSION = YES;
				CLANG_WARN_OBJC_ROOT_CLASS = YES_ERROR;
				CLANG_WARN_UNREACHABLE_CODE = YES;
				CLANG_WARN__DUPLICATE_METHOD_MATCH = YES;
				"CODE_SIGN_IDENTITY[sdk=iphoneos*]" = "iPhone Developer";
				COPY_PHASE_STRIP = NO;
				DEBUG_INFORMATION_FORMAT = "dwarf-with-dsym";
				ENABLE_NS_ASSERTIONS = NO;
				ENABLE_STRICT_OBJC_MSGSEND = YES;
				GCC_C_LANGUAGE_STANDARD = gnu99;
				GCC_NO_COMMON_BLOCKS = YES;
				GCC_WARN_64_TO_32_BIT_CONVERSION = YES;
				GCC_WARN_ABOUT_RETURN_TYPE = YES_ERROR;
				GCC_WARN_UNDECLARED_SELECTOR = YES;
				GCC_WARN_UNINITIALIZED_AUTOS = YES_AGGRESSIVE;
				GCC_WARN_UNUSED_FUNCTION = YES;
				GCC_WARN_UNUSED_VARIABLE = YES;
				IPHONEOS_DEPLOYMENT_TARGET = 9.3;
				MTL_ENABLE_DEBUG_INFO = NO;
				SDKROOT = iphoneos;
				VALIDATE_PRODUCT = YES;
			};
			name = Release;
		};
		882D77C51CBF89230099817D /* Debug */ = {
			isa = XCBuildConfiguration;
			buildSettings = {
				ASSETCATALOG_COMPILER_APPICON_NAME = AppIcon;
				INFOPLIST_FILE = iOSJenkinsTut/Info.plist;
				LD_RUNPATH_SEARCH_PATHS = "$(inherited) @executable_path/Frameworks";
				PRODUCT_BUNDLE_IDENTIFIER = com.xamoom.iOSJenkinsTut;
				PRODUCT_NAME = "$(TARGET_NAME)";
			};
			name = Debug;
		};
		882D77C61CBF89230099817D /* Release */ = {
			isa = XCBuildConfiguration;
			buildSettings = {
				ASSETCATALOG_COMPILER_APPICON_NAME = AppIcon;
				INFOPLIST_FILE = iOSJenkinsTut/Info.plist;
				LD_RUNPATH_SEARCH_PATHS = "$(inherited) @executable_path/Frameworks";
				PRODUCT_BUNDLE_IDENTIFIER = com.xamoom.iOSJenkinsTut;
				PRODUCT_NAME = "$(TARGET_NAME)";
			};
			name = Release;
		};
		882D77C81CBF89230099817D /* Debug */ = {
			isa = XCBuildConfiguration;
			buildSettings = {
				BUNDLE_LOADER = "$(TEST_HOST)";
				INFOPLIST_FILE = iOSJenkinsTutTests/Info.plist;
				LD_RUNPATH_SEARCH_PATHS = "$(inherited) @executable_path/Frameworks @loader_path/Frameworks";
				PRODUCT_BUNDLE_IDENTIFIER = com.xamoom.iOSJenkinsTutTests;
				PRODUCT_NAME = "$(TARGET_NAME)";
				TEST_HOST = "$(BUILT_PRODUCTS_DIR)/iOSJenkinsTut.app/iOSJenkinsTut";
			};
			name = Debug;
		};
		882D77C91CBF89230099817D /* Release */ = {
			isa = XCBuildConfiguration;
			buildSettings = {
				BUNDLE_LOADER = "$(TEST_HOST)";
				INFOPLIST_FILE = iOSJenkinsTutTests/Info.plist;
				LD_RUNPATH_SEARCH_PATHS = "$(inherited) @executable_path/Frameworks @loader_path/Frameworks";
				PRODUCT_BUNDLE_IDENTIFIER = com.xamoom.iOSJenkinsTutTests;
				PRODUCT_NAME = "$(TARGET_NAME)";
				TEST_HOST = "$(BUILT_PRODUCTS_DIR)/iOSJenkinsTut.app/iOSJenkinsTut";
			};
			name = Release;
		};
/* End XCBuildConfiguration section */

/* Begin XCConfigurationList section */
		882D779D1CBF89230099817D /* Build configuration list for PBXProject "iOSJenkinsTut" */ = {
			isa = XCConfigurationList;
			buildConfigurations = (
				882D77C21CBF89230099817D /* Debug */,
				882D77C31CBF89230099817D /* Release */,
			);
			defaultConfigurationIsVisible = 0;
			defaultConfigurationName = Release;
		};
		882D77C41CBF89230099817D /* Build configuration list for PBXNativeTarget "iOSJenkinsTut" */ = {
			isa = XCConfigurationList;
			buildConfigurations = (
				882D77C51CBF89230099817D /* Debug */,
				882D77C61CBF89230099817D /* Release */,
			);
			defaultConfigurationIsVisible = 0;
		};
		882D77C71CBF89230099817D /* Build configuration list for PBXNativeTarget "iOSJenkinsTutTests" */ = {
			isa = XCConfigurationList;
			buildConfigurations = (
				882D77C81CBF89230099817D /* Debug */,
				882D77C91CBF89230099817D /* Release */,
			);
			defaultConfigurationIsVisible = 0;
		};
/* End XCConfigurationList section */
	};
	rootObject = 882D779A1CBF89230099817D /* Project object */;
}
